github.com/gorilla/websocket v1.4.0 h1:WDFjx/TMzVgy9VdMMQi2K2Emtwi2QcUQsztZ/zLaH/Q=
github.com/gorilla/websocket v1.4.0/go.mod h1:E7qHFY5m1UJ88s3WnNqhKjPHQ0heANvMoAMk2YaljkQ=
github.com/nlopes/slack v0.5.0 h1:NbIae8Kd0NpqaEI3iUrsuS0KbcEDhzhc939jLW5fNm0=
github.com/nlopes/slack v0.5.0/go.mod h1:jVI4BBK3lSktibKahxBF74txcK2vyvkza1z/+rRnVAM=
github.com/pkg/errors v0.8.1 h1:iURUrRGxPUNPdy5/HRSm+Yj6okJ6UtLINN0Q9M4+h3I=
github.com/pkg/errors v0.8.1/go.mod h1:bwawxfHBFNV+L2hUp1rHADufV3IMtnDRdf1r5NINEl0=
github.com/shomali11/commander v0.0.0-20180607005640-384535f6562b h1:TEN+UqwF/dKUASGTLGeONfDZE/24tTsI2FONUjqGR3w=
github.com/shomali11/commander v0.0.0-20180607005640-384535f6562b/go.mod h1:cXWgDJinMGX+5Z4NxAhc5p4OXuwlWJuN21xh4DxdWlI=
github.com/shomali11/proper v0.0.0-20180607004733-233a9a872c30 h1:56awf1OXG6Jc2Pk1saojpCzpzkoBvlqecCyNLY+wwkc=
github.com/shomali11/proper v0.0.0-20180607004733-233a9a872c30/go.mod h1:O723XwIZBX3FR45rBic/Eyp/DKo/YtchYFURzpUWY2c=
github.com/shomali11/slacker v0.0.0-20190214034045-4b6d098bad75 h1:aoTLj5KgeYNLP61svh5sMfUdXw9RaSFqYLMaRTIciSc=
github.com/shomali11/slacker v0.0.0-20190214034045-4b6d098bad75/go.mod h1:y+3hK42W9a7QNwnxYiIEpXUGjn0jrc4LnaCKh1HrXgE=
